
Microsoft Visual Studio Solution File, Format Version 12.00
# Visual Studio Version 17
VisualStudioVersion = 17.1.32421.90
MinimumVisualStudioVersion = 10.0.40219.1
Project("{FAE04EC0-301F-11D3-BF4B-00C04F79EFBC}") = "TimetableMakerApi", "TimetableMakerApi\TimetableMakerApi.csproj", "{5901A0C4-FD05-4025-B522-C8C29423727C}"
EndProject
Project("{FAE04EC0-301F-11D3-BF4B-00C04F79EFBC}") = "TimetableMakerDataAccess", "TimetableMakerDataAccess\TimetableMakerDataAccess.csproj", "{ECE30615-8FEA-4E7B-A4F8-5DFD5D1F611F}"
EndProject
Project("{00D1A9C2-B5F0-4AF3-8072-F6C62B433612}") = "TimetableMakerDatabase", "TimetableMakerDatabase\TimetableMakerDatabase.sqlproj", "{E63DC24E-ADFB-4346-B978-7FF468D65FA2}"
EndProject
Global
	GlobalSection(SolutionConfigurationPlatforms) = preSolution
		Debug|Any CPU = Debug|Any CPU
		Release|Any CPU = Release|Any CPU
	EndGlobalSection
	GlobalSection(ProjectConfigurationPlatforms) = postSolution
		{5901A0C4-FD05-4025-B522-C8C29423727C}.Debug|Any CPU.ActiveCfg = Debug|Any CPU
		{5901A0C4-FD05-4025-B522-C8C29423727C}.Debug|Any CPU.Build.0 = Debug|Any CPU
		{5901A0C4-FD05-4025-B522-C8C29423727C}.Release|Any CPU.ActiveCfg = Release|Any CPU
		{5901A0C4-FD05-4025-B522-C8C29423727C}.Release|Any CPU.Build.0 = Release|Any CPU
		{ECE30615-8FEA-4E7B-A4F8-5DFD5D1F611F}.Debug|Any CPU.ActiveCfg = Debug|Any CPU
		{ECE30615-8FEA-4E7B-A4F8-5DFD5D1F611F}.Debug|Any CPU.Build.0 = Debug|Any CPU
		{ECE30615-8FEA-4E7B-A4F8-5DFD5D1F611F}.Release|Any CPU.ActiveCfg = Release|Any CPU
		{ECE30615-8FEA-4E7B-A4F8-5DFD5D1F611F}.Release|Any CPU.Build.0 = Release|Any CPU
		{E63DC24E-ADFB-4346-B978-7FF468D65FA2}.Debug|Any CPU.ActiveCfg = Debug|Any CPU
		{E63DC24E-ADFB-4346-B978-7FF468D65FA2}.Debug|Any CPU.Build.0 = Debug|Any CPU
		{E63DC24E-ADFB-4346-B978-7FF468D65FA2}.Debug|Any CPU.Deploy.0 = Debug|Any CPU
		{E63DC24E-ADFB-4346-B978-7FF468D65FA2}.Release|Any CPU.ActiveCfg = Release|Any CPU
		{E63DC24E-ADFB-4346-B978-7FF468D65FA2}.Release|Any CPU.Build.0 = Release|Any CPU
		{E63DC24E-ADFB-4346-B978-7FF468D65FA2}.Release|Any CPU.Deploy.0 = Release|Any CPU
	EndGlobalSection
	GlobalSection(SolutionProperties) = preSolution
		HideSolutionNode = FALSE
	EndGlobalSection
	GlobalSection(ExtensibilityGlobals) = postSolution
		SolutionGuid = {7183655F-E3DC-4B6B-A7C8-FA9F0C8AC50C}
	EndGlobalSection
EndGlobal
